
Microsoft Visual Studio Solution File, Format Version 12.00
# Visual Studio Version 16
VisualStudioVersion = 16.0.30413.136
MinimumVisualStudioVersion = 10.0.40219.1
Project("{FAE04EC0-301F-11D3-BF4B-00C04F79EFBC}") = "Практика10.2(Game One-Handed Bandit)", "Практика10.2(Game One-Handed Bandit).csproj", "{F599193B-58B0-403F-8A81-3048993AD479}"
EndProject
Global
	GlobalSection(SolutionConfigurationPlatforms) = preSolution
		Debug|Any CPU = Debug|Any CPU
		Release|Any CPU = Release|Any CPU
	EndGlobalSection
	GlobalSection(ProjectConfigurationPlatforms) = postSolution
		{F599193B-58B0-403F-8A81-3048993AD479}.Debug|Any CPU.ActiveCfg = Debug|Any CPU
		{F599193B-58B0-403F-8A81-3048993AD479}.Debug|Any CPU.Build.0 = Debug|Any CPU
		{F599193B-58B0-403F-8A81-3048993AD479}.Release|Any CPU.ActiveCfg = Release|Any CPU
		{F599193B-58B0-403F-8A81-3048993AD479}.Release|Any CPU.Build.0 = Release|Any CPU
	EndGlobalSection
	GlobalSection(SolutionProperties) = preSolution
		HideSolutionNode = FALSE
	EndGlobalSection
	GlobalSection(ExtensibilityGlobals) = postSolution
		SolutionGuid = {80B72FCD-339A-44A4-BD33-025DC7E7ABCB}
	EndGlobalSection
EndGlobal
